
Microsoft Visual Studio Solution File, Format Version 12.00
# Visual Studio Version 17
VisualStudioVersion = 17.5.33627.172
MinimumVisualStudioVersion = 10.0.40219.1
Project("{FAE04EC0-301F-11D3-BF4B-00C04F79EFBC}") = "TopMarket", "TopMarket\TopMarket.csproj", "{6C0E6FC6-1019-4AF7-9F20-4480E8DDAFED}"
EndProject
Global
	GlobalSection(SolutionConfigurationPlatforms) = preSolution
		Debug|Any CPU = Debug|Any CPU
		Release|Any CPU = Release|Any CPU
	EndGlobalSection
	GlobalSection(ProjectConfigurationPlatforms) = postSolution
		{6C0E6FC6-1019-4AF7-9F20-4480E8DDAFED}.Debug|Any CPU.ActiveCfg = Debug|Any CPU
		{6C0E6FC6-1019-4AF7-9F20-4480E8DDAFED}.Debug|Any CPU.Build.0 = Debug|Any CPU
		{6C0E6FC6-1019-4AF7-9F20-4480E8DDAFED}.Release|Any CPU.ActiveCfg = Release|Any CPU
		{6C0E6FC6-1019-4AF7-9F20-4480E8DDAFED}.Release|Any CPU.Build.0 = Release|Any CPU
	EndGlobalSection
	GlobalSection(SolutionProperties) = preSolution
		HideSolutionNode = FALSE
	EndGlobalSection
	GlobalSection(ExtensibilityGlobals) = postSolution
		SolutionGuid = {ECA4A2AE-3C33-46BE-A0D4-1F67D36DF871}
	EndGlobalSection
EndGlobal
